# This file was autogenerated by Stack.
# You should not edit this file by hand.
# For more information, please see the documentation at:
#   https://docs.haskellstack.org/en/stable/lock_files

packages:
- completed:
    hackage: megaparsec-9.6.1@sha256:8d8f8ee5aca5d5c16aa4219afd13687ceab8be640f40ba179359f2b42a628241,3323
    pantry-tree:
      sha256: ac654040a2402a733496678905ee17198bf628d75032dd025d595bd329739af8
      size: 1545
  original:
    hackage: megaparsec-9.6.1
- completed:
    hackage: containers-0.7@sha256:e9b5fdcc609159410d408c47e0be13663bb0b4a42a5183b52aa0ac9c99e1dfec,2668
    pantry-tree:
      sha256: 265b0a6110df990b5f9f04d21856333ed5ed66f37a4b0a0215901d831f69629b
      size: 2954
  original:
    hackage: containers-0.7
- completed:
    hackage: binary-0.8.9.1@sha256:81f468c1c75fd6535152ab69b2d32ac6cfcc03e345267b069abe4da56ec95801,6523
    pantry-tree:
      sha256: 956ecd662408f69615977b87a92e042abcdc447b7824b8aabf5788c4393c10c5
      size: 1976
  original:
    hackage: binary-0.8.9.1
- completed:
    hackage: parsec-3.1.17.0@sha256:8407cbd428d7f640a0fff8891bd2f7aca13cebe70a5e654856f8abec9a648b56,5149
    pantry-tree:
      sha256: 0922d72bd7115bbb590757bd92a827021dfe745ed6c0cd22856f767bee83d91f
      size: 2810
  original:
    hackage: parsec-3.1.17.0
- completed:
    hackage: text-2.1.1@sha256:aa7a5a92fe430a34d24d33878323c8a010021e05e410fe98b7fac3015c88dc74,10286
    pantry-tree:
      sha256: cc6bc5e5066e35cc9f2682198eb2d50b5a517cbab64b4e8ea6f64579014eb85e
      size: 8413
  original:
    hackage: text-2.1.1
- completed:
    hackage: scientific-0.3.7.0@sha256:909755ab19b453169ff85281323da1488407776b2360bd9f7afdd219fd306ef2,4869
    pantry-tree:
      sha256: 00e74ee83063c8c5cf5c726d9ed079a7f67051f3ddd9e2ecbbe3c6ea06271061
      size: 657
  original:
    hackage: scientific-0.3.7.0
- completed:
    hackage: aeson-2.2.1.0@sha256:a23a61aada8233e10573e1612c0b2efe5a1aba0d59b05dbe2f63301822f136cb,6582
    pantry-tree:
      sha256: 8a50c54b9ecba80ecc3df3ea67faa4d155d6f6a6b3e342c74f3e6b0dcdc87e13
      size: 83518
  original:
    hackage: aeson-2.2.1.0
- completed:
    hackage: OneTuple-0.4.1.1@sha256:632dfded172086fb9f0e26d3578bcfffa3fb6d135ea5a8de17b7a33ff6e6e682,2575
    pantry-tree:
      sha256: 7bebadb3ccdaa78924ebabab963f72427cf6bb37dc7d8268c19f5da811731ffb
      size: 506
  original:
    hackage: OneTuple-0.4.1.1@sha256:632dfded172086fb9f0e26d3578bcfffa3fb6d135ea5a8de17b7a33ff6e6e682,2575
- completed:
    hackage: QuickCheck-2.14.3@sha256:f03d2f404d5ba465453d0fbc1944832789a759fe7c4f9bf8616bc1378a02fde4,7847
    pantry-tree:
      sha256: e920d61bcc10ef2aee0cc3e2a216d05b8491564ad27c1c5e2fbbb221b00b7f8e
      size: 2315
  original:
    hackage: QuickCheck-2.14.3@sha256:f03d2f404d5ba465453d0fbc1944832789a759fe7c4f9bf8616bc1378a02fde4,7847
- completed:
    hackage: case-insensitive-1.2.1.0@sha256:9dfd3171fc7698cf8d931727d3af3a7b389135b583e46b5adac1f9d2026fff61,2244
    pantry-tree:
      sha256: d6f175b17eacce002fc5336c17e119d989bd97f8ad9702446163c9e27c7c79b7
      size: 688
  original:
    hackage: case-insensitive-1.2.1.0@sha256:9dfd3171fc7698cf8d931727d3af3a7b389135b583e46b5adac1f9d2026fff61,2244
- completed:
    hackage: data-fix-0.3.2@sha256:cd7d6ff8b68aca3b51d8116870fc8ccdbc557989562cd3d5c941e4f0b7bc5af1,1734
    pantry-tree:
      sha256: 39ea2bb3ace2b61bf72e7df77948f7fccc67c70d12a11e35dd20744eec5dd0bf
      size: 262
  original:
    hackage: data-fix-0.3.2@sha256:cd7d6ff8b68aca3b51d8116870fc8ccdbc557989562cd3d5c941e4f0b7bc5af1,1734
- completed:
    hackage: dlist-1.0@sha256:55ff69d20ce638fc7727342ee67f2f868da61d3dcf3763f790bf9aa0b145e568,3812
    pantry-tree:
      sha256: 2dc4a62f01d4f0dfda74b700478f56f560513c6adabd0b7bc5da5aa284d2df57
      size: 953
  original:
    hackage: dlist-1.0@sha256:55ff69d20ce638fc7727342ee67f2f868da61d3dcf3763f790bf9aa0b145e568,3812
- completed:
    hackage: generically-0.1.1@sha256:378ec049bc2853b8011df116647fbd34bb9f00edce9840e4957f98abc097597c,1169
    pantry-tree:
      sha256: 9f30503d1fe709f3849c5dd8b9751697a8db4d66105d7ba9c3b98bf4e36bb232
      size: 233
  original:
    hackage: generically-0.1.1@sha256:378ec049bc2853b8011df116647fbd34bb9f00edce9840e4957f98abc097597c,1169
- completed:
    hackage: hashable-1.4.4.0@sha256:ae22238274c572aa91e90c6c353e7206386708912ac5e6dc40ac61d1dcc553db,5216
    pantry-tree:
      sha256: cd91ec6f09475d2d0b2cf49565a488c21694be0d46bf29565f9258f5f41a3a84
      size: 1249
  original:
    hackage: hashable-1.4.4.0@sha256:ae22238274c572aa91e90c6c353e7206386708912ac5e6dc40ac61d1dcc553db,5216
- completed:
    hackage: indexed-traversable-0.1.3@sha256:911f96592752ce4ffbeda00b1155dbbfac5135c71d6755ae02c00552819a9b17,2674
    pantry-tree:
      sha256: 181cff1f160115b7ed52b9da8f4f9d10e7042821f74b23381044661120f180e6
      size: 625
  original:
    hackage: indexed-traversable-0.1.3@sha256:911f96592752ce4ffbeda00b1155dbbfac5135c71d6755ae02c00552819a9b17,2674
- completed:
    hackage: integer-conversion-0.1.0.1@sha256:0e57a82635323f015b5d6c242bcfbbeeaa9854fe9c8058e57052254dbb24bb14,2250
    pantry-tree:
      sha256: 5684bd08f7edbadbff77d84075b37cdf41309bd8a0dc23bcea6ffbf4497adb7f
      size: 509
  original:
    hackage: integer-conversion-0.1.0.1@sha256:0e57a82635323f015b5d6c242bcfbbeeaa9854fe9c8058e57052254dbb24bb14,2250
- completed:
    hackage: integer-logarithms-1.0.3.1@sha256:0595a16d458c9c5caa425dc8ebbeb5d9adffb0c8daf4720c1d93dfcfc31dd690,3295
    pantry-tree:
      sha256: fbb007f314c82d96a33dda0dfb2c3fb010347809942feb08b26f47acdefcf256
      size: 865
  original:
    hackage: integer-logarithms-1.0.3.1@sha256:0595a16d458c9c5caa425dc8ebbeb5d9adffb0c8daf4720c1d93dfcfc31dd690,3295
- completed:
    hackage: network-uri-2.6.4.2@sha256:6fffb57373962b5651a2db8b0af732098b3bf029a7ced76a9855615de2026588,3217
    pantry-tree:
      sha256: 659f5e9fabda559f1aff6b64d04cf8adfd69bdda535c896fe90289f307a071c9
      size: 551
  original:
    hackage: network-uri-2.6.4.2@sha256:6fffb57373962b5651a2db8b0af732098b3bf029a7ced76a9855615de2026588,3217
- completed:
    hackage: parser-combinators-1.3.0@sha256:8659573e0d443d573f5b53f81b81dafbdc988d282b90c11e3da73562b4ea7876,1640
    pantry-tree:
      sha256: 4e23178c63f624bbe16342a9b3cfb4afdddee393ce0beec9b19cce0a0345a080
      size: 795
  original:
    hackage: parser-combinators-1.3.0@sha256:8659573e0d443d573f5b53f81b81dafbdc988d282b90c11e3da73562b4ea7876,1640
- completed:
    hackage: primitive-0.9.0.0@sha256:2e08c5409e3559c7f1669ef50e9a0d9a397e68ecf51110d5e2cedf05cdd7d93c,3171
    pantry-tree:
      sha256: a862f3979a8ed2ae047287de3c7376f749ee97d5a27c9c55a4c6d94ffb7d1601
      size: 1793
  original:
    hackage: primitive-0.9.0.0@sha256:2e08c5409e3559c7f1669ef50e9a0d9a397e68ecf51110d5e2cedf05cdd7d93c,3171
- completed:
    hackage: semialign-1.3@sha256:7be9ef5ca1d6b052991f68c053aab68b9d1ab3b1938c9557ac84c97937815223,2888
    pantry-tree:
      sha256: e5daa7e0023dabb1b21a04bf084364b94e45e81b380e950b90f51294a1990b87
      size: 537
  original:
    hackage: semialign-1.3@sha256:7be9ef5ca1d6b052991f68c053aab68b9d1ab3b1938c9557ac84c97937815223,2888
- completed:
    hackage: strict-0.5@sha256:bd57d7b3655951dfaa7d1e1374d7352dfe83f82a9c98309bf3a6587ef8cbd87d,4120
    pantry-tree:
      sha256: 87b874af151a91e5d723734d6e6b98d99c0b60d4835f1ff2d39d862b3fbf04c4
      size: 654
  original:
    hackage: strict-0.5@sha256:bd57d7b3655951dfaa7d1e1374d7352dfe83f82a9c98309bf3a6587ef8cbd87d,4120
- completed:
    hackage: tagged-0.8.8@sha256:9193defbde3dda997236ccc11a1db3e073cc531fe523e13e9659df776feb0b32,2732
    pantry-tree:
      sha256: 7b97ce7a1e02432ecbee65dad9affbe7d40489bb139f5ffbc15d903578349260
      size: 496
  original:
    hackage: tagged-0.8.8@sha256:9193defbde3dda997236ccc11a1db3e073cc531fe523e13e9659df776feb0b32,2732
- completed:
    hackage: text-iso8601-0.1@sha256:ac86f2500ca751db3c0de029dd7e7826bef7366d59dc0085b00fc695c43b9f76,2407
    pantry-tree:
      sha256: 2ce4c1ddd0672388ba61a8c921c05869b6bd88c4663c4d9bbf7cd9de1a607634
      size: 427
  original:
    hackage: text-iso8601-0.1@sha256:ac86f2500ca751db3c0de029dd7e7826bef7366d59dc0085b00fc695c43b9f76,2407
- completed:
    hackage: text-short-0.1.5@sha256:9c73c9c9182ca69ee92ce3758f515b1c078cd167d882ccc8c46f92f68c65e190,3216
    pantry-tree:
      sha256: d3dcfee9029cd3624a788a0e65f0dea588ae0446a8a75a27d6b6164b8ee0fd57
      size: 727
  original:
    hackage: text-short-0.1.5@sha256:9c73c9c9182ca69ee92ce3758f515b1c078cd167d882ccc8c46f92f68c65e190,3216
- completed:
    hackage: th-abstraction-0.6.0.0@sha256:313760d630851a0eba6bdcb1a1eb543c4c9c583072d704067fa3248a5252a8ae,2303
    pantry-tree:
      sha256: 041df54679b33bf581872ec8951ef11f3d3c1b047935ea17dfb0fdc06dd94aeb
      size: 671
  original:
    hackage: th-abstraction-0.6.0.0@sha256:313760d630851a0eba6bdcb1a1eb543c4c9c583072d704067fa3248a5252a8ae,2303
- completed:
    hackage: these-1.2@sha256:011e22f6891ca028f87c04ea48796696c92d593313a9c699f7ff4f9ffd7aec6e,2882
    pantry-tree:
      sha256: 37483703ce7326c07608b06f2f741fb0f708cb06bd10ec57d87108d068046b05
      size: 351
  original:
    hackage: these-1.2@sha256:011e22f6891ca028f87c04ea48796696c92d593313a9c699f7ff4f9ffd7aec6e,2882
- completed:
    hackage: time-compat-1.9.6.1@sha256:17631ef01a03a6f55fbe131690f87f6dee9a1572acc99b6c06f04882470ffb52,5076
    pantry-tree:
      sha256: 28a0fbb30a163417a5c39acc191e5caceb21a5cf2b3fa976f43490a8d3742949
      size: 4113
  original:
    hackage: time-compat-1.9.6.1@sha256:17631ef01a03a6f55fbe131690f87f6dee9a1572acc99b6c06f04882470ffb52,5076
- completed:
    hackage: unordered-containers-0.2.20@sha256:746c32b23f93cb13e52309e54e82d69e4315105f9815b1fcac25a57071505cff,3921
    pantry-tree:
      sha256: 4594c9803b04e23566eff12ee69380e7fd995f62c182b6a997098ee939cecfce
      size: 1647
  original:
    hackage: unordered-containers-0.2.20@sha256:746c32b23f93cb13e52309e54e82d69e4315105f9815b1fcac25a57071505cff,3921
- completed:
    hackage: uuid-types-1.0.5.1@sha256:918c8a115a0bc427cdaa4d1f51c1634bf3ac53679d0bbe039b77b9c1b62cfcbd,2660
    pantry-tree:
      sha256: 7e596d61e20750d64db542d9c662e8b59f1be0f43e869c02681e1769125b2223
      size: 480
  original:
    hackage: uuid-types-1.0.5.1@sha256:918c8a115a0bc427cdaa4d1f51c1634bf3ac53679d0bbe039b77b9c1b62cfcbd,2660
- completed:
    hackage: vector-0.13.1.0@sha256:bc032ccfb51d775eb6f4082c5fc02f5416b0ea0d6644a60d87677a6937f2d70d,9015
    pantry-tree:
      sha256: 02345da767b4f6f83d724b8a73d15efe3d19ea37bcae97386eaab0dbacb89a30
      size: 4093
  original:
    hackage: vector-0.13.1.0@sha256:bc032ccfb51d775eb6f4082c5fc02f5416b0ea0d6644a60d87677a6937f2d70d,9015
- completed:
    hackage: witherable-0.4.2@sha256:cec516b35df0ff53ab0068e70a912a0ba7b65c672fbc554727183faa195ad3b8,2342
    pantry-tree:
      sha256: 0a64b4d06cc5b28b81c001c5f9d306ca8630c206245b313b41660e210fb1edb0
      size: 384
  original:
    hackage: witherable-0.4.2@sha256:cec516b35df0ff53ab0068e70a912a0ba7b65c672fbc554727183faa195ad3b8,2342
- completed:
    hackage: assoc-1.1@sha256:56d0fd1c17aaf6268e81bf19ba5afe186128d7f88126bd546d5b3151ab692652,1617
    pantry-tree:
      sha256: c6d624f9056f55b8fafdad746f489f269d4f90dc28e8e42b23064884d33c5f8d
      size: 290
  original:
    hackage: assoc-1.1@sha256:56d0fd1c17aaf6268e81bf19ba5afe186128d7f88126bd546d5b3151ab692652,1617
- completed:
    hackage: base-orphans-0.9.1@sha256:c4733d09f798fc4304e936924a1a7d9fc2425aefad6c46ad4592035254b46051,3220
    pantry-tree:
      sha256: 7675c51e8d87899f8749f3140349771c977f9ff7497e896aead1bbae9d570c74
      size: 1272
  original:
    hackage: base-orphans-0.9.1@sha256:c4733d09f798fc4304e936924a1a7d9fc2425aefad6c46ad4592035254b46051,3220
- completed:
    hackage: indexed-traversable-instances-0.1.1.2@sha256:00d5e3e149e2bee0f7a547e0093294c306d4276e73a619abe7d8e69f7ce03c7b,2550
    pantry-tree:
      sha256: 47cf9c6a2007db09aa40ba559f0c3ccd1341f8e68b0dfc7b410b3b815ff36ab5
      size: 366
  original:
    hackage: indexed-traversable-instances-0.1.1.2@sha256:00d5e3e149e2bee0f7a547e0093294c306d4276e73a619abe7d8e69f7ce03c7b,2550
- completed:
    hackage: os-string-2.0.2@sha256:32fa47f8345a2c0662fb602fc42e4b674e41ec48079b68bdecb4b6f68032c24e,3259
    pantry-tree:
      sha256: 5b1dbaf1663005907462032997264b7942befb9fc108491c1fdd5e488ac0817e
      size: 2217
  original:
    hackage: os-string-2.0.2@sha256:32fa47f8345a2c0662fb602fc42e4b674e41ec48079b68bdecb4b6f68032c24e,3259
- completed:
    hackage: random-1.2.1.2@sha256:32397de181e20ccaacf806ec70de9308cf044f089a2be37c936f3f8967bde867,6460
    pantry-tree:
      sha256: cd0fe2b39e4d4efad4d78f69c28b7fd49ffe2879923b3a9272352edc43a956e6
      size: 1528
  original:
    hackage: random-1.2.1.2@sha256:32397de181e20ccaacf806ec70de9308cf044f089a2be37c936f3f8967bde867,6460
- completed:
    hackage: semigroupoids-6.0.0.1@sha256:47a23b451c114e65361e713e8fe36828fca3a84285325e8f444254b2ab0c43c5,7465
    pantry-tree:
      sha256: 1df286a998f4b26f8e6b596a571363197c55e05b0ff882ed2e6e6f315f8207e0
      size: 2404
  original:
    hackage: semigroupoids-6.0.0.1@sha256:47a23b451c114e65361e713e8fe36828fca3a84285325e8f444254b2ab0c43c5,7465
- completed:
    hackage: splitmix-0.1.0.5@sha256:caa9b4a92abf1496c7f6a3c0f4e357426a54880077cb9f04e260a8bfa034b77b,6596
    pantry-tree:
      sha256: 6eb34b55fb0eb1c41fe539fb8ece181e31e82f4c89abf2b1aaf46df4b274797d
      size: 1519
  original:
    hackage: splitmix-0.1.0.5@sha256:caa9b4a92abf1496c7f6a3c0f4e357426a54880077cb9f04e260a8bfa034b77b,6596
- completed:
    hackage: th-compat-0.1.5@sha256:177148ba8407fbaaef0231b8bf8af092eddf3b2b1a682dc88df8e86b87828e96,3238
    pantry-tree:
      sha256: f4008e9df61fb03334008c7aa024f6701fc7aee7cbd1b1ac5c1e710bb2541d09
      size: 530
  original:
    hackage: th-compat-0.1.5@sha256:177148ba8407fbaaef0231b8bf8af092eddf3b2b1a682dc88df8e86b87828e96,3238
- completed:
    hackage: vector-stream-0.1.0.1@sha256:16a69e2ed71d7b35e16860fac520f94fa4da120eb973d9f8fbf0aa3a703d4a9f,1583
    pantry-tree:
      sha256: 972e6a2098c0784a40a65f75aa811dee861afe519872f726c695749f588b8bde
      size: 325
  original:
    hackage: vector-stream-0.1.0.1@sha256:16a69e2ed71d7b35e16860fac520f94fa4da120eb973d9f8fbf0aa3a703d4a9f,1583
- completed:
    hackage: bifunctors-5.6.2@sha256:e6a6e576b9e027ca374383c2d3a43753bce42c63c72724d3a35208a982d68c0f,3201
    pantry-tree:
      sha256: 5d804f96ef9033c8993061ccbe211b9c9717cba5774a156f4f9aeeba249b591d
      size: 1466
  original:
    hackage: bifunctors-5.6.2@sha256:e6a6e576b9e027ca374383c2d3a43753bce42c63c72724d3a35208a982d68c0f,3201
- completed:
    hackage: comonad-5.0.8@sha256:4a4dbfbd03fb4963987710fca994e8b5624bd05a33e5f95b7581b26f8229c5e3,3631
    pantry-tree:
      sha256: 5810cb53d6c5e73239ad6d183eab847fba8fc1a8cd09056ede5d00c8848c8c7e
      size: 1618
  original:
    hackage: comonad-5.0.8@sha256:4a4dbfbd03fb4963987710fca994e8b5624bd05a33e5f95b7581b26f8229c5e3,3631
- completed:
    hackage: contravariant-1.5.5@sha256:470ed0e040e879e2da4af1b2c8f94e199f6135852a8107858d5ae0a95365835f,3041
    pantry-tree:
      sha256: 9eb62fea28548dc8a0f60fd47c12843092b78b24ed771b8ad63a0bb34dba8bc4
      size: 652
  original:
    hackage: contravariant-1.5.5@sha256:470ed0e040e879e2da4af1b2c8f94e199f6135852a8107858d5ae0a95365835f,3041
- completed:
    hackage: distributive-0.6.2.1@sha256:0f99f5541cca04acf89b64432b03422b6408e830a8dff30e6c4334ef1a48680c,2996
    pantry-tree:
      sha256: a42bed5fe0ba295643538312dee6c9436314c05a6f7efdd32b4303979f8bd744
      size: 735
  original:
    hackage: distributive-0.6.2.1@sha256:0f99f5541cca04acf89b64432b03422b6408e830a8dff30e6c4334ef1a48680c,2996
- completed:
    hackage: transformers-compat-0.7.2@sha256:044fb9955f63ee138fcebedfdcbe54afe741f2d5892a2d0bdf3a8052bd342643,5601
    pantry-tree:
      sha256: f49610c6a2faf82111e5d4222576f4afbcfa904bf56665232c5aa077dfc7578f
      size: 1724
  original:
    hackage: transformers-compat-0.7.2@sha256:044fb9955f63ee138fcebedfdcbe54afe741f2d5892a2d0bdf3a8052bd342643,5601
- completed:
    hackage: StateVar-1.2.2@sha256:3c022c00485fe165e3080d5da6b3ca9c9b02f62c5deebc584d1b3d1309ce673e,1673
    pantry-tree:
      sha256: 204cac98219e99334f47b12c565945611748ea03a4d629273dd697d738bcfd7f
      size: 314
  original:
    hackage: StateVar-1.2.2@sha256:3c022c00485fe165e3080d5da6b3ca9c9b02f62c5deebc584d1b3d1309ce673e,1673
snapshots: []
